PODS:
  - Flutter (1.0.0)
  - rms-mobile-xdk-cocoapods (3.32.1)
  - rms_mobile_xdk_flutter (0.0.1):
    - Flutter
    - rms-mobile-xdk-cocoapods (~> 3.32.1)

DEPENDENCIES:
  - Flutter (from `Flutter`)
  - rms_mobile_xdk_flutter (from `.symlinks/plugins/rms_mobile_xdk_flutter/ios`)

SPEC REPOS:
  trunk:
    - rms-mobile-xdk-cocoapods

EXTERNAL SOURCES:
  Flutter:
    :path: Flutter
  rms_mobile_xdk_flutter:
    :path: ".symlinks/plugins/rms_mobile_xdk_flutter/ios"

SPEC CHECKSUMS:
  Flutter: e0871f40cf51350855a761d2e70bf5af5b9b5de7
  rms-mobile-xdk-cocoapods: 2f82a706eb243dffdeb6ce1e02af83ea32365be9
  rms_mobile_xdk_flutter: 9b6b79d41bad957efed380d25019561e27e6e58c

PODFILE CHECKSUM: 1a782344d33c12ced0182eeab11e8668d253eb48

COCOAPODS: 1.15.2
